
Microsoft Visual Studio Solution File, Format Version 12.00
# Visual Studio Version 16
VisualStudioVersion = 16.0.29709.97
MinimumVisualStudioVersion = 10.0.40219.1
Project("{FAE04EC0-301F-11D3-BF4B-00C04F79EFBC}") = "lotteryPickNPOI2", "lotteryPickNPOI2\lotteryPickNPOI2.csproj", "{9E0CC6E7-4B16-4982-B177-CECB9A57DE9B}"
EndProject
Global
	GlobalSection(SolutionConfigurationPlatforms) = preSolution
		Debug|Any CPU = Debug|Any CPU
		Release|Any CPU = Release|Any CPU
	EndGlobalSection
	GlobalSection(ProjectConfigurationPlatforms) = postSolution
		{9E0CC6E7-4B16-4982-B177-CECB9A57DE9B}.Debug|Any CPU.ActiveCfg = Debug|Any CPU
		{9E0CC6E7-4B16-4982-B177-CECB9A57DE9B}.Debug|Any CPU.Build.0 = Debug|Any CPU
		{9E0CC6E7-4B16-4982-B177-CECB9A57DE9B}.Release|Any CPU.ActiveCfg = Release|Any CPU
		{9E0CC6E7-4B16-4982-B177-CECB9A57DE9B}.Release|Any CPU.Build.0 = Release|Any CPU
	EndGlobalSection
	GlobalSection(SolutionProperties) = preSolution
		HideSolutionNode = FALSE
	EndGlobalSection
	GlobalSection(ExtensibilityGlobals) = postSolution
		SolutionGuid = {FEC4C1AA-8AD0-44D5-9F90-8B436C81B6AD}
	EndGlobalSection
EndGlobal
